
Microsoft Visual Studio Solution File, Format Version 12.00
# Visual Studio 15
VisualStudioVersion = 15.0.28307.757
MinimumVisualStudioVersion = 10.0.40219.1
Project("{FAE04EC0-301F-11D3-BF4B-00C04F79EFBC}") = "Singelton", "Singelton\Singelton.csproj", "{E68F64A2-EF63-4832-A5FF-CDE4CA8BF56C}"
EndProject
Project("{FAE04EC0-301F-11D3-BF4B-00C04F79EFBC}") = "FactoryMethod", "FactoryMethod\FactoryMethod.csproj", "{32733C3C-1393-46F6-9A19-87D37DA2FFA6}"
EndProject
Project("{FAE04EC0-301F-11D3-BF4B-00C04F79EFBC}") = "State", "State\State.csproj", "{52474B7D-1219-4F7E-AC05-B57798B31144}"
EndProject
Project("{FAE04EC0-301F-11D3-BF4B-00C04F79EFBC}") = "LoginModule", "LoginModule\LoginModule.csproj", "{7CDED6E6-E7ED-4B2C-9C95-7F8AA6F21551}"
EndProject
Project("{FAE04EC0-301F-11D3-BF4B-00C04F79EFBC}") = "ProtoType", "ProtoType\ProtoType.csproj", "{2BA4D97D-B2A9-45A1-AF92-EF27E7B16FC9}"
EndProject
Project("{FAE04EC0-301F-11D3-BF4B-00C04F79EFBC}") = "ProtoTypeWeb", "ProtoTypeWeb\ProtoTypeWeb.csproj", "{107277C2-048A-4B47-A3F8-2DE4A5055D1B}"
EndProject
Project("{FAE04EC0-301F-11D3-BF4B-00C04F79EFBC}") = "Visitor", "Visitor\Visitor.csproj", "{007B8DC6-5B1A-4A7B-99E2-E1D567593101}"
EndProject
Project("{FAE04EC0-301F-11D3-BF4B-00C04F79EFBC}") = "Adapter", "Adapter\Adapter.csproj", "{BE2E9C59-9FB8-41FC-BF0C-DE385B1B1DF0}"
EndProject
Project("{FAE04EC0-301F-11D3-BF4B-00C04F79EFBC}") = "Memento", "Memento\Memento.csproj", "{C3136701-BF4E-4033-86A3-3CE9E24A5FFE}"
EndProject
Global
	GlobalSection(SolutionConfigurationPlatforms) = preSolution
		Debug|Any CPU = Debug|Any CPU
		Release|Any CPU = Release|Any CPU
	EndGlobalSection
	GlobalSection(ProjectConfigurationPlatforms) = postSolution
		{E68F64A2-EF63-4832-A5FF-CDE4CA8BF56C}.Debug|Any CPU.ActiveCfg = Debug|Any CPU
		{E68F64A2-EF63-4832-A5FF-CDE4CA8BF56C}.Debug|Any CPU.Build.0 = Debug|Any CPU
		{E68F64A2-EF63-4832-A5FF-CDE4CA8BF56C}.Release|Any CPU.ActiveCfg = Release|Any CPU
		{E68F64A2-EF63-4832-A5FF-CDE4CA8BF56C}.Release|Any CPU.Build.0 = Release|Any CPU
		{32733C3C-1393-46F6-9A19-87D37DA2FFA6}.Debug|Any CPU.ActiveCfg = Debug|Any CPU
		{32733C3C-1393-46F6-9A19-87D37DA2FFA6}.Debug|Any CPU.Build.0 = Debug|Any CPU
		{32733C3C-1393-46F6-9A19-87D37DA2FFA6}.Release|Any CPU.ActiveCfg = Release|Any CPU
		{32733C3C-1393-46F6-9A19-87D37DA2FFA6}.Release|Any CPU.Build.0 = Release|Any CPU
		{52474B7D-1219-4F7E-AC05-B57798B31144}.Debug|Any CPU.ActiveCfg = Debug|Any CPU
		{52474B7D-1219-4F7E-AC05-B57798B31144}.Debug|Any CPU.Build.0 = Debug|Any CPU
		{52474B7D-1219-4F7E-AC05-B57798B31144}.Release|Any CPU.ActiveCfg = Release|Any CPU
		{52474B7D-1219-4F7E-AC05-B57798B31144}.Release|Any CPU.Build.0 = Release|Any CPU
		{7CDED6E6-E7ED-4B2C-9C95-7F8AA6F21551}.Debug|Any CPU.ActiveCfg = Debug|Any CPU
		{7CDED6E6-E7ED-4B2C-9C95-7F8AA6F21551}.Debug|Any CPU.Build.0 = Debug|Any CPU
		{7CDED6E6-E7ED-4B2C-9C95-7F8AA6F21551}.Release|Any CPU.ActiveCfg = Release|Any CPU
		{7CDED6E6-E7ED-4B2C-9C95-7F8AA6F21551}.Release|Any CPU.Build.0 = Release|Any CPU
		{2BA4D97D-B2A9-45A1-AF92-EF27E7B16FC9}.Debug|Any CPU.ActiveCfg = Debug|Any CPU
		{2BA4D97D-B2A9-45A1-AF92-EF27E7B16FC9}.Debug|Any CPU.Build.0 = Debug|Any CPU
		{2BA4D97D-B2A9-45A1-AF92-EF27E7B16FC9}.Release|Any CPU.ActiveCfg = Release|Any CPU
		{2BA4D97D-B2A9-45A1-AF92-EF27E7B16FC9}.Release|Any CPU.Build.0 = Release|Any CPU
		{107277C2-048A-4B47-A3F8-2DE4A5055D1B}.Debug|Any CPU.ActiveCfg = Debug|Any CPU
		{107277C2-048A-4B47-A3F8-2DE4A5055D1B}.Debug|Any CPU.Build.0 = Debug|Any CPU
		{107277C2-048A-4B47-A3F8-2DE4A5055D1B}.Release|Any CPU.ActiveCfg = Release|Any CPU
		{107277C2-048A-4B47-A3F8-2DE4A5055D1B}.Release|Any CPU.Build.0 = Release|Any CPU
		{007B8DC6-5B1A-4A7B-99E2-E1D567593101}.Debug|Any CPU.ActiveCfg = Debug|Any CPU
		{007B8DC6-5B1A-4A7B-99E2-E1D567593101}.Debug|Any CPU.Build.0 = Debug|Any CPU
		{007B8DC6-5B1A-4A7B-99E2-E1D567593101}.Release|Any CPU.ActiveCfg = Release|Any CPU
		{007B8DC6-5B1A-4A7B-99E2-E1D567593101}.Release|Any CPU.Build.0 = Release|Any CPU
		{BE2E9C59-9FB8-41FC-BF0C-DE385B1B1DF0}.Debug|Any CPU.ActiveCfg = Debug|Any CPU
		{BE2E9C59-9FB8-41FC-BF0C-DE385B1B1DF0}.Debug|Any CPU.Build.0 = Debug|Any CPU
		{BE2E9C59-9FB8-41FC-BF0C-DE385B1B1DF0}.Release|Any CPU.ActiveCfg = Release|Any CPU
		{BE2E9C59-9FB8-41FC-BF0C-DE385B1B1DF0}.Release|Any CPU.Build.0 = Release|Any CPU
		{C3136701-BF4E-4033-86A3-3CE9E24A5FFE}.Debug|Any CPU.ActiveCfg = Debug|Any CPU
		{C3136701-BF4E-4033-86A3-3CE9E24A5FFE}.Debug|Any CPU.Build.0 = Debug|Any CPU
		{C3136701-BF4E-4033-86A3-3CE9E24A5FFE}.Release|Any CPU.ActiveCfg = Release|Any CPU
		{C3136701-BF4E-4033-86A3-3CE9E24A5FFE}.Release|Any CPU.Build.0 = Release|Any CPU
	EndGlobalSection
	GlobalSection(SolutionProperties) = preSolution
		HideSolutionNode = FALSE
	EndGlobalSection
	GlobalSection(ExtensibilityGlobals) = postSolution
		SolutionGuid = {8DF344AE-E7C0-4A1E-A94F-699F1F59F3E9}
	EndGlobalSection
EndGlobal
