
Microsoft Visual Studio Solution File, Format Version 12.00
# Visual Studio 15
VisualStudioVersion = 15.0.28307.757
MinimumVisualStudioVersion = 10.0.40219.1
Project("{FAE04EC0-301F-11D3-BF4B-00C04F79EFBC}") = "Singelton", "Singelton\Singelton.csproj", "{E68F64A2-EF63-4832-A5FF-CDE4CA8BF56C}"
EndProject
Global
	GlobalSection(SolutionConfigurationPlatforms) = preSolution
		Debug|Any CPU = Debug|Any CPU
		Release|Any CPU = Release|Any CPU
	EndGlobalSection
	GlobalSection(ProjectConfigurationPlatforms) = postSolution
		{E68F64A2-EF63-4832-A5FF-CDE4CA8BF56C}.Debug|Any CPU.ActiveCfg = Debug|Any CPU
		{E68F64A2-EF63-4832-A5FF-CDE4CA8BF56C}.Debug|Any CPU.Build.0 = Debug|Any CPU
		{E68F64A2-EF63-4832-A5FF-CDE4CA8BF56C}.Release|Any CPU.ActiveCfg = Release|Any CPU
		{E68F64A2-EF63-4832-A5FF-CDE4CA8BF56C}.Release|Any CPU.Build.0 = Release|Any CPU
	EndGlobalSection
	GlobalSection(SolutionProperties) = preSolution
		HideSolutionNode = FALSE
	EndGlobalSection
	GlobalSection(ExtensibilityGlobals) = postSolution
		SolutionGuid = {8DF344AE-E7C0-4A1E-A94F-699F1F59F3E9}
	EndGlobalSection
EndGlobal
